// !$*UTF8*$!
{
	archiveVersion = 1;
	classes = {
	};
	objectVersion = 55;
	objects = {

/* Begin PBXBuildFile section */
		D054BE8328BAA68200CF135A /* placeDetailVC.swift in Sources */ = {isa = PBXBuildFile; fileRef = D054BE8228BAA68200CF135A /* placeDetailVC.swift */; };
		D054BE8528BAAA0400CF135A /* locationInfos.swift in Sources */ = {isa = PBXBuildFile; fileRef = D054BE8428BAAA0400CF135A /* locationInfos.swift */; };
		D054BE8728BAB11400CF135A /* addPlaceVC.swift in Sources */ = {isa = PBXBuildFile; fileRef = D054BE8628BAB11400CF135A /* addPlaceVC.swift */; };
		D08E2C9F28BA9C8F00908235 /* AppDelegate.swift in Sources */ = {isa = PBXBuildFile; fileRef = D08E2C9E28BA9C8F00908235 /* AppDelegate.swift */; };
		D08E2CA128BA9C8F00908235 /* SceneDelegate.swift in Sources */ = {isa = PBXBuildFile; fileRef = D08E2CA028BA9C8F00908235 /* SceneDelegate.swift */; };
		D08E2CA328BA9C8F00908235 /* ViewController.swift in Sources */ = {isa = PBXBuildFile; fileRef = D08E2CA228BA9C8F00908235 /* ViewController.swift */; };
		D08E2CA628BA9C8F00908235 /* Main.storyboard in Resources */ = {isa = PBXBuildFile; fileRef = D08E2CA428BA9C8F00908235 /* Main.storyboard */; };
		D08E2CA828BA9C9100908235 /* Assets.xcassets in Resources */ = {isa = PBXBuildFile; fileRef = D08E2CA728BA9C9100908235 /* Assets.xcassets */; };
		D08E2CAB28BA9C9100908235 /* LaunchScreen.storyboard in Resources */ = {isa = PBXBuildFile; fileRef = D08E2CA928BA9C9100908235 /* LaunchScreen.storyboard */; };
/* End PBXBuildFile section */

/* Begin PBXFileReference section */
		21E9F3FB4C2787B28EBAE2AB /* Pods-YOUR FAVORİTE PLACES.release.xcconfig */ = {isa = PBXFileReference; includeInIndex = 1; lastKnownFileType = text.xcconfig; name = "Pods-YOUR FAVORİTE PLACES.release.xcconfig"; path = "Target Support Files/Pods-YOUR FAVORİTE PLACES/Pods-YOUR FAVORİTE PLACES.release.xcconfig"; sourceTree = "<group>"; };
		CAD8ABF28FBEE8DF203B9BBE /* Pods-YOUR FAVORİTE PLACES.debug.xcconfig */ = {isa = PBXFileReference; includeInIndex = 1; lastKnownFileType = text.xcconfig; name = "Pods-YOUR FAVORİTE PLACES.debug.xcconfig"; path = "Target Support Files/Pods-YOUR FAVORİTE PLACES/Pods-YOUR FAVORİTE PLACES.debug.xcconfig"; sourceTree = "<group>"; };
		D054BE8228BAA68200CF135A /* placeDetailVC.swift */ = {isa = PBXFileReference; lastKnownFileType = sourcecode.swift; path = placeDetailVC.swift; sourceTree = "<group>"; };
		D054BE8428BAAA0400CF135A /* locationInfos.swift */ = {isa = PBXFileReference; lastKnownFileType = sourcecode.swift; path = locationInfos.swift; sourceTree = "<group>"; };
		D054BE8628BAB11400CF135A /* addPlaceVC.swift */ = {isa = PBXFileReference; lastKnownFileType = sourcecode.swift; path = addPlaceVC.swift; sourceTree = "<group>"; };
		D08E2C9B28BA9C8F00908235 /* YOUR FAVORİTE PLACES.app */ = {isa = PBXFileReference; explicitFileType = wrapper.application; includeInIndex = 0; path = "YOUR FAVORİTE PLACES.app"; sourceTree = BUILT_PRODUCTS_DIR; };
		D08E2C9E28BA9C8F00908235 /* AppDelegate.swift */ = {isa = PBXFileReference; lastKnownFileType = sourcecode.swift; path = AppDelegate.swift; sourceTree = "<group>"; };
		D08E2CA028BA9C8F00908235 /* SceneDelegate.swift */ = {isa = PBXFileReference; lastKnownFileType = sourcecode.swift; path = SceneDelegate.swift; sourceTree = "<group>"; };
		D08E2CA228BA9C8F00908235 /* ViewController.swift */ = {isa = PBXFileReference; lastKnownFileType = sourcecode.swift; path = ViewController.swift; sourceTree = "<group>"; };
		D08E2CA528BA9C8F00908235 /* Base */ = {isa = PBXFileReference; lastKnownFileType = file.storyboard; name = Base; path = Base.lproj/Main.storyboard; sourceTree = "<group>"; };
		D08E2CA728BA9C9100908235 /* Assets.xcassets */ = {isa = PBXFileReference; lastKnownFileType = folder.assetcatalog; path = Assets.xcassets; sourceTree = "<group>"; };
		D08E2CAA28BA9C9100908235 /* Base */ = {isa = PBXFileReference; lastKnownFileType = file.storyboard; name = Base; path = Base.lproj/LaunchScreen.storyboard; sourceTree = "<group>"; };
		D08E2CAC28BA9C9100908235 /* Info.plist */ = {isa = PBXFileReference; lastKnownFileType = text.plist.xml; path = Info.plist; sourceTree = "<group>"; };
		E9993702977E63F5AF757F7E /* Pods_YOUR_FAVORI_TE_PLACES.framework */ = {isa = PBXFileReference; explicitFileType = wrapper.framework; includeInIndex = 0; path = Pods_YOUR_FAVORI_TE_PLACES.framework; sourceTree = BUILT_PRODUCTS_DIR; };
/* End PBXFileReference section */

/* Begin PBXFrameworksBuildPhase section */
		D08E2C9828BA9C8F00908235 /* Frameworks */ = {
			isa = PBXFrameworksBuildPhase;
			buildActionMask = 2147483647;
			files = (
			);
			runOnlyForDeploymentPostprocessing = 0;
		};
/* End PBXFrameworksBuildPhase section */

/* Begin PBXGroup section */
		30E4F6D2BB785B78AD1EFB08 /* Frameworks */ = {
			isa = PBXGroup;
			children = (
				E9993702977E63F5AF757F7E /* Pods_YOUR_FAVORI_TE_PLACES.framework */,
			);
			name = Frameworks;
			sourceTree = "<group>";
		};
		C9730190DE824CBBB292AD28 /* Pods */ = {
			isa = PBXGroup;
			children = (
				CAD8ABF28FBEE8DF203B9BBE /* Pods-YOUR FAVORİTE PLACES.debug.xcconfig */,
				21E9F3FB4C2787B28EBAE2AB /* Pods-YOUR FAVORİTE PLACES.release.xcconfig */,
			);
			path = Pods;
			sourceTree = "<group>";
		};
		D08E2C9228BA9C8F00908235 = {
			isa = PBXGroup;
			children = (
				D08E2C9D28BA9C8F00908235 /* YOUR FAVORİTE PLACES */,
				D08E2C9C28BA9C8F00908235 /* Products */,
				C9730190DE824CBBB292AD28 /* Pods */,
				30E4F6D2BB785B78AD1EFB08 /* Frameworks */,
			);
			sourceTree = "<group>";
		};
		D08E2C9C28BA9C8F00908235 /* Products */ = {
			isa = PBXGroup;
			children = (
				D08E2C9B28BA9C8F00908235 /* YOUR FAVORİTE PLACES.app */,
			);
			name = Products;
			sourceTree = "<group>";
		};
		D08E2C9D28BA9C8F00908235 /* YOUR FAVORİTE PLACES */ = {
			isa = PBXGroup;
			children = (
				D08E2C9E28BA9C8F00908235 /* AppDelegate.swift */,
				D08E2CA028BA9C8F00908235 /* SceneDelegate.swift */,
				D08E2CA228BA9C8F00908235 /* ViewController.swift */,
				D08E2CA428BA9C8F00908235 /* Main.storyboard */,
				D08E2CA728BA9C9100908235 /* Assets.xcassets */,
				D08E2CA928BA9C9100908235 /* LaunchScreen.storyboard */,
				D08E2CAC28BA9C9100908235 /* Info.plist */,
				D054BE8228BAA68200CF135A /* placeDetailVC.swift */,
				D054BE8428BAAA0400CF135A /* locationInfos.swift */,
				D054BE8628BAB11400CF135A /* addPlaceVC.swift */,
			);
			path = "YOUR FAVORİTE PLACES";
			sourceTree = "<group>";
		};
/* End PBXGroup section */

/* Begin PBXNativeTarget section */
		D08E2C9A28BA9C8F00908235 /* YOUR FAVORİTE PLACES */ = {
			isa = PBXNativeTarget;
			buildConfigurationList = D08E2CAF28BA9C9100908235 /* Build configuration list for PBXNativeTarget "YOUR FAVORİTE PLACES" */;
			buildPhases = (
				229EACD2191CA5719E4F709C /* [CP] Check Pods Manifest.lock */,
				D08E2C9728BA9C8F00908235 /* Sources */,
				D08E2C9828BA9C8F00908235 /* Frameworks */,
				D08E2C9928BA9C8F00908235 /* Resources */,
				7E47C9B8B49BD608CB098447 /* [CP] Embed Pods Frameworks */,
			);
			buildRules = (
			);
			dependencies = (
			);
			name = "YOUR FAVORİTE PLACES";
			productName = "YOUR FAVORİTE PLACES";
			productReference = D08E2C9B28BA9C8F00908235 /* YOUR FAVORİTE PLACES.app */;
			productType = "com.apple.product-type.application";
		};
/* End PBXNativeTarget section */

/* Begin PBXProject section */
		D08E2C9328BA9C8F00908235 /* Project object */ = {
			isa = PBXProject;
			attributes = {
				BuildIndependentTargetsInParallel = 1;
				LastSwiftUpdateCheck = 1340;
				LastUpgradeCheck = 1340;
				TargetAttributes = {
					D08E2C9A28BA9C8F00908235 = {
						CreatedOnToolsVersion = 13.4.1;
					};
				};
			};
			buildConfigurationList = D08E2C9628BA9C8F00908235 /* Build configuration list for PBXProject "YOUR FAVORİTE PLACES" */;
			compatibilityVersion = "Xcode 13.0";
			developmentRegion = en;
			hasScannedForEncodings = 0;
			knownRegions = (
				en,
				Base,
			);
			mainGroup = D08E2C9228BA9C8F00908235;
			productRefGroup = D08E2C9C28BA9C8F00908235 /* Products */;
			projectDirPath = "";
			projectRoot = "";
			targets = (
				D08E2C9A28BA9C8F00908235 /* YOUR FAVORİTE PLACES */,
			);
		};
/* End PBXProject section */

/* Begin PBXResourcesBuildPhase section */
		D08E2C9928BA9C8F00908235 /* Resources */ = {
			isa = PBXResourcesBuildPhase;
			buildActionMask = 2147483647;
			files = (
				D08E2CAB28BA9C9100908235 /* LaunchScreen.storyboard in Resources */,
				D08E2CA828BA9C9100908235 /* Assets.xcassets in Resources */,
				D08E2CA628BA9C8F00908235 /* Main.storyboard in Resources */,
			);
			runOnlyForDeploymentPostprocessing = 0;
		};
/* End PBXResourcesBuildPhase section */

/* Begin PBXShellScriptBuildPhase section */
		229EACD2191CA5719E4F709C /* [CP] Check Pods Manifest.lock */ = {
			isa = PBXShellScriptBuildPhase;
			buildActionMask = 2147483647;
			files = (
			);
			inputFileListPaths = (
			);
			inputPaths = (
				"${PODS_PODFILE_DIR_PATH}/Podfile.lock",
				"${PODS_ROOT}/Manifest.lock",
			);
			name = "[CP] Check Pods Manifest.lock";
			outputFileListPaths = (
			);
			outputPaths = (
				"$(DERIVED_FILE_DIR)/Pods-YOUR FAVORİTE PLACES-checkManifestLockResult.txt",
			);
			runOnlyForDeploymentPostprocessing = 0;
			shellPath = /bin/sh;
			shellScript = "diff \"${PODS_PODFILE_DIR_PATH}/Podfile.lock\" \"${PODS_ROOT}/Manifest.lock\" > /dev/null\nif [ $? != 0 ] ; then\n    # print error to STDERR\n    echo \"error: The sandbox is not in sync with the Podfile.lock. Run 'pod install' or update your CocoaPods installation.\" >&2\n    exit 1\nfi\n# This output is used by Xcode 'outputs' to avoid re-running this script phase.\necho \"SUCCESS\" > \"${SCRIPT_OUTPUT_FILE_0}\"\n";
			showEnvVarsInLog = 0;
		};
		7E47C9B8B49BD608CB098447 /* [CP] Embed Pods Frameworks */ = {
			isa = PBXShellScriptBuildPhase;
			buildActionMask = 2147483647;
			files = (
			);
			inputFileListPaths = (
				"${PODS_ROOT}/Target Support Files/Pods-YOUR FAVORİTE PLACES/Pods-YOUR FAVORİTE PLACES-frameworks-${CONFIGURATION}-input-files.xcfilelist",
			);
			name = "[CP] Embed Pods Frameworks";
			outputFileListPaths = (
				"${PODS_ROOT}/Target Support Files/Pods-YOUR FAVORİTE PLACES/Pods-YOUR FAVORİTE PLACES-frameworks-${CONFIGURATION}-output-files.xcfilelist",
			);
			runOnlyForDeploymentPostprocessing = 0;
			shellPath = /bin/sh;
			shellScript = "\"${PODS_ROOT}/Target Support Files/Pods-YOUR FAVORİTE PLACES/Pods-YOUR FAVORİTE PLACES-frameworks.sh\"\n";
			showEnvVarsInLog = 0;
		};
/* End PBXShellScriptBuildPhase section */

/* Begin PBXSourcesBuildPhase section */
		D08E2C9728BA9C8F00908235 /* Sources */ = {
			isa = PBXSourcesBuildPhase;
			buildActionMask = 2147483647;
			files = (
				D054BE8528BAAA0400CF135A /* locationInfos.swift in Sources */,
				D08E2CA328BA9C8F00908235 /* ViewController.swift in Sources */,
				D08E2C9F28BA9C8F00908235 /* AppDelegate.swift in Sources */,
				D08E2CA128BA9C8F00908235 /* SceneDelegate.swift in Sources */,
				D054BE8728BAB11400CF135A /* addPlaceVC.swift in Sources */,
				D054BE8328BAA68200CF135A /* placeDetailVC.swift in Sources */,
			);
			runOnlyForDeploymentPostprocessing = 0;
		};
/* End PBXSourcesBuildPhase section */

/* Begin PBXVariantGroup section */
		D08E2CA428BA9C8F00908235 /* Main.storyboard */ = {
			isa = PBXVariantGroup;
			children = (
				D08E2CA528BA9C8F00908235 /* Base */,
			);
			name = Main.storyboard;
			sourceTree = "<group>";
		};
		D08E2CA928BA9C9100908235 /* LaunchScreen.storyboard */ = {
			isa = PBXVariantGroup;
			children = (
				D08E2CAA28BA9C9100908235 /* Base */,
			);
			name = LaunchScreen.storyboard;
			sourceTree = "<group>";
		};
/* End PBXVariantGroup section */

/* Begin XCBuildConfiguration section */
		D08E2CAD28BA9C9100908235 /* Debug */ = {
			isa = XCBuildConfiguration;
			buildSettings = {
				ALWAYS_SEARCH_USER_PATHS = NO;
				CLANG_ANALYZER_NONNULL = YES;
				CLANG_ANALYZER_NUMBER_OBJECT_CONVERSION = YES_AGGRESSIVE;
				CLANG_CXX_LANGUAGE_STANDARD = "gnu++17";
				CLANG_ENABLE_MODULES = YES;
				CLANG_ENABLE_OBJC_ARC = YES;
				CLANG_ENABLE_OBJC_WEAK = YES;
				CLANG_WARN_BLOCK_CAPTURE_AUTORELEASING = YES;
				CLANG_WARN_BOOL_CONVERSION = YES;
				CLANG_WARN_COMMA = YES;
				CLANG_WARN_CONSTANT_CONVERSION = YES;
				CLANG_WARN_DEPRECATED_OBJC_IMPLEMENTATIONS = YES;
				CLANG_WARN_DIRECT_OBJC_ISA_USAGE = YES_ERROR;
				CLANG_WARN_DOCUMENTATION_COMMENTS = YES;
				CLANG_WARN_EMPTY_BODY = YES;
				CLANG_WARN_ENUM_CONVERSION = YES;
				CLANG_WARN_INFINITE_RECURSION = YES;
				CLANG_WARN_INT_CONVERSION = YES;
				CLANG_WARN_NON_LITERAL_NULL_CONVERSION = YES;
				CLANG_WARN_OBJC_IMPLICIT_RETAIN_SELF = YES;
				CLANG_WARN_OBJC_LITERAL_CONVERSION = YES;
				CLANG_WARN_OBJC_ROOT_CLASS = YES_ERROR;
				CLANG_WARN_QUOTED_INCLUDE_IN_FRAMEWORK_HEADER = YES;
				CLANG_WARN_RANGE_LOOP_ANALYSIS = YES;
				CLANG_WARN_STRICT_PROTOTYPES = YES;
				CLANG_WARN_SUSPICIOUS_MOVE = YES;
				CLANG_WARN_UNGUARDED_AVAILABILITY = YES_AGGRESSIVE;
				CLANG_WARN_UNREACHABLE_CODE = YES;
				CLANG_WARN__DUPLICATE_METHOD_MATCH = YES;
				COPY_PHASE_STRIP = NO;
				DEBUG_INFORMATION_FORMAT = dwarf;
				ENABLE_STRICT_OBJC_MSGSEND = YES;
				ENABLE_TESTABILITY = YES;
				GCC_C_LANGUAGE_STANDARD = gnu11;
				GCC_DYNAMIC_NO_PIC = NO;
				GCC_NO_COMMON_BLOCKS = YES;
				GCC_OPTIMIZATION_LEVEL = 0;
				GCC_PREPROCESSOR_DEFINITIONS = (
					"DEBUG=1",
					"$(inherited)",
				);
				GCC_WARN_64_TO_32_BIT_CONVERSION = YES;
				GCC_WARN_ABOUT_RETURN_TYPE = YES_ERROR;
				GCC_WARN_UNDECLARED_SELECTOR = YES;
				GCC_WARN_UNINITIALIZED_AUTOS = YES_AGGRESSIVE;
				GCC_WARN_UNUSED_FUNCTION = YES;
				GCC_WARN_UNUSED_VARIABLE = YES;
				IPHONEOS_DEPLOYMENT_TARGET = 15.5;
				MTL_ENABLE_DEBUG_INFO = INCLUDE_SOURCE;
				MTL_FAST_MATH = YES;
				ONLY_ACTIVE_ARCH = YES;
				SDKROOT = iphoneos;
				SWIFT_ACTIVE_COMPILATION_CONDITIONS = DEBUG;
				SWIFT_OPTIMIZATION_LEVEL = "-Onone";
			};
			name = Debug;
		};
		D08E2CAE28BA9C9100908235 /* Release */ = {
			isa = XCBuildConfiguration;
			buildSettings = {
				ALWAYS_SEARCH_USER_PATHS = NO;
				CLANG_ANALYZER_NONNULL = YES;
				CLANG_ANALYZER_NUMBER_OBJECT_CONVERSION = YES_AGGRESSIVE;
				CLANG_CXX_LANGUAGE_STANDARD = "gnu++17";
				CLANG_ENABLE_MODULES = YES;
				CLANG_ENABLE_OBJC_ARC = YES;
				CLANG_ENABLE_OBJC_WEAK = YES;
				CLANG_WARN_BLOCK_CAPTURE_AUTORELEASING = YES;
				CLANG_WARN_BOOL_CONVERSION = YES;
				CLANG_WARN_COMMA = YES;
				CLANG_WARN_CONSTANT_CONVERSION = YES;
				CLANG_WARN_DEPRECATED_OBJC_IMPLEMENTATIONS = YES;
				CLANG_WARN_DIRECT_OBJC_ISA_USAGE = YES_ERROR;
				CLANG_WARN_DOCUMENTATION_COMMENTS = YES;
				CLANG_WARN_EMPTY_BODY = YES;
				CLANG_WARN_ENUM_CONVERSION = YES;
				CLANG_WARN_INFINITE_RECURSION = YES;
				CLANG_WARN_INT_CONVERSION = YES;
				CLANG_WARN_NON_LITERAL_NULL_CONVERSION = YES;
				CLANG_WARN_OBJC_IMPLICIT_RETAIN_SELF = YES;
				CLANG_WARN_OBJC_LITERAL_CONVERSION = YES;
				CLANG_WARN_OBJC_ROOT_CLASS = YES_ERROR;
				CLANG_WARN_QUOTED_INCLUDE_IN_FRAMEWORK_HEADER = YES;
				CLANG_WARN_RANGE_LOOP_ANALYSIS = YES;
				CLANG_WARN_STRICT_PROTOTYPES = YES;
				CLANG_WARN_SUSPICIOUS_MOVE = YES;
				CLANG_WARN_UNGUARDED_AVAILABILITY = YES_AGGRESSIVE;
				CLANG_WARN_UNREACHABLE_CODE = YES;
				CLANG_WARN__DUPLICATE_METHOD_MATCH = YES;
				COPY_PHASE_STRIP = NO;
				DEBUG_INFORMATION_FORMAT = "dwarf-with-dsym";
				ENABLE_NS_ASSERTIONS = NO;
				ENABLE_STRICT_OBJC_MSGSEND = YES;
				GCC_C_LANGUAGE_STANDARD = gnu11;
				GCC_NO_COMMON_BLOCKS = YES;
				GCC_WARN_64_TO_32_BIT_CONVERSION = YES;
				GCC_WARN_ABOUT_RETURN_TYPE = YES_ERROR;
				GCC_WARN_UNDECLARED_SELECTOR = YES;
				GCC_WARN_UNINITIALIZED_AUTOS = YES_AGGRESSIVE;
				GCC_WARN_UNUSED_FUNCTION = YES;
				GCC_WARN_UNUSED_VARIABLE = YES;
				IPHONEOS_DEPLOYMENT_TARGET = 15.5;
				MTL_ENABLE_DEBUG_INFO = NO;
				MTL_FAST_MATH = YES;
				SDKROOT = iphoneos;
				SWIFT_COMPILATION_MODE = wholemodule;
				SWIFT_OPTIMIZATION_LEVEL = "-O";
				VALIDATE_PRODUCT = YES;
			};
			name = Release;
		};
		D08E2CB028BA9C9100908235 /* Debug */ = {
			isa = XCBuildConfiguration;
			baseConfigurationReference = CAD8ABF28FBEE8DF203B9BBE /* Pods-YOUR FAVORİTE PLACES.debug.xcconfig */;
			buildSettings = {
				ASSETCATALOG_COMPILER_APPICON_NAME = AppIcon;
				ASSETCATALOG_COMPILER_GLOBAL_ACCENT_COLOR_NAME = AccentColor;
				CODE_SIGN_STYLE = Automatic;
				CURRENT_PROJECT_VERSION = 1;
				DEVELOPMENT_TEAM = 56K423922J;
				GENERATE_INFOPLIST_FILE = YES;
				INFOPLIST_FILE = "YOUR FAVORİTE PLACES/Info.plist";
				INFOPLIST_KEY_UIApplicationSupportsIndirectInputEvents = YES;
				INFOPLIST_KEY_UILaunchStoryboardName = LaunchScreen;
				INFOPLIST_KEY_UIMainStoryboardFile = Main;
				INFOPLIST_KEY_UISupportedInterfaceOrientations_iPad = "UIInterfaceOrientationPortrait UIInterfaceOrientationPortraitUpsideDown UIInterfaceOrientationLandscapeLeft UIInterfaceOrientationLandscapeRight";
				INFOPLIST_KEY_UISupportedInterfaceOrientations_iPhone = "UIInterfaceOrientationPortrait UIInterfaceOrientationLandscapeLeft UIInterfaceOrientationLandscapeRight";
				IPHONEOS_DEPLOYMENT_TARGET = 14.0;
				LD_RUNPATH_SEARCH_PATHS = (
					"$(inherited)",
					"@executable_path/Frameworks",
				);
				MARKETING_VERSION = 1.0;
				PRODUCT_BUNDLE_IDENTIFIER = "com.favoritePlaces.app.YOUR-FAVORI-TE-PLACES";
				PRODUCT_NAME = "$(TARGET_NAME)";
				SWIFT_EMIT_LOC_STRINGS = YES;
				SWIFT_VERSION = 5.0;
				TARGETED_DEVICE_FAMILY = "1,2";
			};
			name = Debug;
		};
		D08E2CB128BA9C9100908235 /* Release */ = {
			isa = XCBuildConfiguration;
			baseConfigurationReference = 21E9F3FB4C2787B28EBAE2AB /* Pods-YOUR FAVORİTE PLACES.release.xcconfig */;
			buildSettings = {
				ASSETCATALOG_COMPILER_APPICON_NAME = AppIcon;
				ASSETCATALOG_COMPILER_GLOBAL_ACCENT_COLOR_NAME = AccentColor;
				CODE_SIGN_STYLE = Automatic;
				CURRENT_PROJECT_VERSION = 1;
				DEVELOPMENT_TEAM = 56K423922J;
				GENERATE_INFOPLIST_FILE = YES;
				INFOPLIST_FILE = "YOUR FAVORİTE PLACES/Info.plist";
				INFOPLIST_KEY_UIApplicationSupportsIndirectInputEvents = YES;
				INFOPLIST_KEY_UILaunchStoryboardName = LaunchScreen;
				INFOPLIST_KEY_UIMainStoryboardFile = Main;
				INFOPLIST_KEY_UISupportedInterfaceOrientations_iPad = "UIInterfaceOrientationPortrait UIInterfaceOrientationPortraitUpsideDown UIInterfaceOrientationLandscapeLeft UIInterfaceOrientationLandscapeRight";
				INFOPLIST_KEY_UISupportedInterfaceOrientations_iPhone = "UIInterfaceOrientationPortrait UIInterfaceOrientationLandscapeLeft UIInterfaceOrientationLandscapeRight";
				IPHONEOS_DEPLOYMENT_TARGET = 14.0;
				LD_RUNPATH_SEARCH_PATHS = (
					"$(inherited)",
					"@executable_path/Frameworks",
				);
				MARKETING_VERSION = 1.0;
				PRODUCT_BUNDLE_IDENTIFIER = "com.favoritePlaces.app.YOUR-FAVORI-TE-PLACES";
				PRODUCT_NAME = "$(TARGET_NAME)";
				SWIFT_EMIT_LOC_STRINGS = YES;
				SWIFT_VERSION = 5.0;
				TARGETED_DEVICE_FAMILY = "1,2";
			};
			name = Release;
		};
/* End XCBuildConfiguration section */

/* Begin XCConfigurationList section */
		D08E2C9628BA9C8F00908235 /* Build configuration list for PBXProject "YOUR FAVORİTE PLACES" */ = {
			isa = XCConfigurationList;
			buildConfigurations = (
				D08E2CAD28BA9C9100908235 /* Debug */,
				D08E2CAE28BA9C9100908235 /* Release */,
			);
			defaultConfigurationIsVisible = 0;
			defaultConfigurationName = Release;
		};
		D08E2CAF28BA9C9100908235 /* Build configuration list for PBXNativeTarget "YOUR FAVORİTE PLACES" */ = {
			isa = XCConfigurationList;
			buildConfigurations = (
				D08E2CB028BA9C9100908235 /* Debug */,
				D08E2CB128BA9C9100908235 /* Release */,
			);
			defaultConfigurationIsVisible = 0;
			defaultConfigurationName = Release;
		};
/* End XCConfigurationList section */
	};
	rootObject = D08E2C9328BA9C8F00908235 /* Project object */;
}
